
Microsoft Visual Studio Solution File, Format Version 12.00
# Visual Studio Version 16
VisualStudioVersion = 16.0.32602.291
MinimumVisualStudioVersion = 10.0.40219.1
Project("{9A19103F-16F7-4668-BE54-9A1E7A4F7556}") = "CriseClimat", "CriseClimat.csproj", "{4406A7F1-E988-4070-9413-1C2FBF375C52}"
EndProject
Global
	GlobalSection(SolutionConfigurationPlatforms) = preSolution
		Debug|Any CPU = Debug|Any CPU
		Release|Any CPU = Release|Any CPU
	EndGlobalSection
	GlobalSection(ProjectConfigurationPlatforms) = postSolution
		{4406A7F1-E988-4070-9413-1C2FBF375C52}.Debug|Any CPU.ActiveCfg = Debug|Any CPU
		{4406A7F1-E988-4070-9413-1C2FBF375C52}.Debug|Any CPU.Build.0 = Debug|Any CPU
		{4406A7F1-E988-4070-9413-1C2FBF375C52}.Release|Any CPU.ActiveCfg = Release|Any CPU
		{4406A7F1-E988-4070-9413-1C2FBF375C52}.Release|Any CPU.Build.0 = Release|Any CPU
	EndGlobalSection
	GlobalSection(SolutionProperties) = preSolution
		HideSolutionNode = FALSE
	EndGlobalSection
	GlobalSection(ExtensibilityGlobals) = postSolution
		SolutionGuid = {532A2AC9-E9E0-45AA-83A9-BBA768E1F127}
	EndGlobalSection
EndGlobal
